
Microsoft Visual Studio Solution File, Format Version 12.00
# Visual Studio 15
VisualStudioVersion = 15.0.28307.539
MinimumVisualStudioVersion = 10.0.40219.1
Project("{9A19103F-16F7-4668-BE54-9A1E7A4F7556}") = "Application", "Application\Application.csproj", "{9882F104-B85B-400D-8101-E0071E8E6718}"
EndProject
Project("{9A19103F-16F7-4668-BE54-9A1E7A4F7556}") = "Domain", "Core\Domain.csproj", "{599B0C31-A31C-4875-B7A7-30EA0D645CC5}"
EndProject
Project("{9A19103F-16F7-4668-BE54-9A1E7A4F7556}") = "Repository", "Repository\Repository.csproj", "{E115B19B-F5E2-4254-8FC4-0329CF3B4B5C}"
EndProject
Project("{FAE04EC0-301F-11D3-BF4B-00C04F79EFBC}") = "PresenterWeb", "PresenterWeb\PresenterWeb.csproj", "{E172126C-9BE9-49C1-87EA-038B65B350E5}"
EndProject
Global
	GlobalSection(SolutionConfigurationPlatforms) = preSolution
		Debug|Any CPU = Debug|Any CPU
		Release|Any CPU = Release|Any CPU
	EndGlobalSection
	GlobalSection(ProjectConfigurationPlatforms) = postSolution
		{9882F104-B85B-400D-8101-E0071E8E6718}.Debug|Any CPU.ActiveCfg = Debug|Any CPU
		{9882F104-B85B-400D-8101-E0071E8E6718}.Debug|Any CPU.Build.0 = Debug|Any CPU
		{9882F104-B85B-400D-8101-E0071E8E6718}.Release|Any CPU.ActiveCfg = Release|Any CPU
		{9882F104-B85B-400D-8101-E0071E8E6718}.Release|Any CPU.Build.0 = Release|Any CPU
		{599B0C31-A31C-4875-B7A7-30EA0D645CC5}.Debug|Any CPU.ActiveCfg = Debug|Any CPU
		{599B0C31-A31C-4875-B7A7-30EA0D645CC5}.Debug|Any CPU.Build.0 = Debug|Any CPU
		{599B0C31-A31C-4875-B7A7-30EA0D645CC5}.Release|Any CPU.ActiveCfg = Release|Any CPU
		{599B0C31-A31C-4875-B7A7-30EA0D645CC5}.Release|Any CPU.Build.0 = Release|Any CPU
		{E115B19B-F5E2-4254-8FC4-0329CF3B4B5C}.Debug|Any CPU.ActiveCfg = Debug|Any CPU
		{E115B19B-F5E2-4254-8FC4-0329CF3B4B5C}.Debug|Any CPU.Build.0 = Debug|Any CPU
		{E115B19B-F5E2-4254-8FC4-0329CF3B4B5C}.Release|Any CPU.ActiveCfg = Release|Any CPU
		{E115B19B-F5E2-4254-8FC4-0329CF3B4B5C}.Release|Any CPU.Build.0 = Release|Any CPU
		{E172126C-9BE9-49C1-87EA-038B65B350E5}.Debug|Any CPU.ActiveCfg = Debug|Any CPU
		{E172126C-9BE9-49C1-87EA-038B65B350E5}.Debug|Any CPU.Build.0 = Debug|Any CPU
		{E172126C-9BE9-49C1-87EA-038B65B350E5}.Release|Any CPU.ActiveCfg = Release|Any CPU
		{E172126C-9BE9-49C1-87EA-038B65B350E5}.Release|Any CPU.Build.0 = Release|Any CPU
	EndGlobalSection
	GlobalSection(SolutionProperties) = preSolution
		HideSolutionNode = FALSE
	EndGlobalSection
	GlobalSection(ExtensibilityGlobals) = postSolution
		SolutionGuid = {6F123485-B0D5-4782-8491-BA8A39B1EC59}
	EndGlobalSection
EndGlobal
